{
  "version": 4,
  "terraform_version": "0.12.26",
  "serial": 1,
  "lineage": "cbb0ef05-322d-62c2-5e5f-e528a04d1fd8",
  "outputs": {},
  "resources": [
    {
      "mode": "data",
      "type": "terraform_remote_state",
      "name": "security_group",
      "provider": "provider.terraform",
      "instances": [
        {
          "schema_version": 0,
          "attributes": {
            "backend": "s3",
            "config": {
              "value": {
                "bucket": "confessions-terraform-state",
                "key": "security-groups.tfstate"
              },
              "type": [
                "object",
                {
                  "bucket": "string",
                  "key": "string"
                }
              ]
            },
            "defaults": null,
            "outputs": {
              "value": {
                "app_sg_id": "sg-00551160d1c5dd56b",
                "db_sg_id": "sg-076978e475f18a6f6",
                "lb_sg_id": "sg-038d32602115d6d50"
              },
              "type": [
                "object",
                {
                  "app_sg_id": "string",
                  "db_sg_id": "string",
                  "lb_sg_id": "string"
                }
              ]
            },
            "workspace": "default"
          }
        }
      ]
    },
    {
      "mode": "data",
      "type": "terraform_remote_state",
      "name": "subnet_group",
      "provider": "provider.terraform",
      "instances": [
        {
          "schema_version": 0,
          "attributes": {
            "backend": "s3",
            "config": {
              "value": {
                "bucket": "confessions-terraform-state",
                "key": "vpc-us-east-1.tfstate"
              },
              "type": [
                "object",
                {
                  "bucket": "string",
                  "key": "string"
                }
              ]
            },
            "defaults": null,
            "outputs": {
              "value": {
                "private_subnet_us_east_1a": "subnet-055104aa264a7681b",
                "private_subnet_us_east_1b": "subnet-03d9b625e5f229381",
                "private_subnet_us_east_1c": "subnet-059ef0e734bea031b",
                "public_subnet_us_east_1a": "subnet-062cde51b4501869c",
                "public_subnet_us_east_1b": "subnet-09c0eba6990bfc2ed",
                "public_subnet_us_east_1c": "subnet-06a4bb0757eaffa53",
                "vpc_id": "vpc-0b64a7e8a020aac4f"
              },
              "type": [
                "object",
                {
                  "private_subnet_us_east_1a": "string",
                  "private_subnet_us_east_1b": "string",
                  "private_subnet_us_east_1c": "string",
                  "public_subnet_us_east_1a": "string",
                  "public_subnet_us_east_1b": "string",
                  "public_subnet_us_east_1c": "string",
                  "vpc_id": "string"
                }
              ]
            },
            "workspace": "default"
          }
        }
      ]
    },
    {
      "mode": "managed",
      "type": "aws_lb",
      "name": "alb",
      "provider": "provider.aws",
      "instances": [
        {
          "schema_version": 0,
          "attributes": {
            "access_logs": [
              {
                "bucket": "",
                "enabled": false,
                "prefix": ""
              }
            ],
            "arn": "arn:aws:elasticloadbalancing:us-east-1:569741890825:loadbalancer/app/confession-alb/edab6a7f09a696f5",
            "arn_suffix": "app/confession-alb/edab6a7f09a696f5",
            "dns_name": "confession-alb-1260175703.us-east-1.elb.amazonaws.com",
            "drop_invalid_header_fields": false,
            "enable_cross_zone_load_balancing": null,
            "enable_deletion_protection": false,
            "enable_http2": true,
            "id": "arn:aws:elasticloadbalancing:us-east-1:569741890825:loadbalancer/app/confession-alb/edab6a7f09a696f5",
            "idle_timeout": 60,
            "internal": false,
            "ip_address_type": "ipv4",
            "load_balancer_type": "application",
            "name": "confession-alb",
            "name_prefix": null,
            "security_groups": [
              "sg-00551160d1c5dd56b"
            ],
            "subnet_mapping": [
              {
                "allocation_id": "",
                "subnet_id": "subnet-062cde51b4501869c"
              },
              {
                "allocation_id": "",
                "subnet_id": "subnet-06a4bb0757eaffa53"
              },
              {
                "allocation_id": "",
                "subnet_id": "subnet-09c0eba6990bfc2ed"
              }
            ],
            "subnets": [
              "subnet-062cde51b4501869c",
              "subnet-06a4bb0757eaffa53",
              "subnet-09c0eba6990bfc2ed"
            ],
            "tags": {
              "Environment": "ALB"
            },
            "timeouts": null,
            "vpc_id": "vpc-0b64a7e8a020aac4f",
            "zone_id": "Z35SXDOTRQ7X7K"
          },
          "private": "eyJlMmJmYjczMC1lY2FhLTExZTYtOGY4OC0zNDM2M2JjN2M0YzAiOnsiY3JlYXRlIjo2MDAwMDAwMDAwMDAsImRlbGV0ZSI6NjAwMDAwMDAwMDAwLCJ1cGRhdGUiOjYwMDAwMDAwMDAwMH19"
        }
      ]
    }
  ]
}
