{
  "version": 4,
  "terraform_version": "0.12.26",
  "serial": 10,
  "lineage": "a2369611-c266-7b33-cad7-d51a9d3bab7f",
  "outputs": {},
  "resources": [
    {
      "mode": "data",
      "type": "terraform_remote_state",
      "name": "security_group",
      "provider": "provider.terraform",
      "instances": [
        {
          "schema_version": 0,
          "attributes": {
            "backend": "s3",
            "config": {
              "value": {
                "bucket": "confessions-terraform-state",
                "key": "security-groups.tfstate"
              },
              "type": [
                "object",
                {
                  "bucket": "string",
                  "key": "string"
                }
              ]
            },
            "defaults": null,
            "outputs": {
              "value": {
                "app_sg_id": "sg-00551160d1c5dd56b",
                "db_sg_id": "sg-076978e475f18a6f6",
                "lb_sg_id": "sg-038d32602115d6d50"
              },
              "type": [
                "object",
                {
                  "app_sg_id": "string",
                  "db_sg_id": "string",
                  "lb_sg_id": "string"
                }
              ]
            },
            "workspace": "default"
          }
        }
      ]
    },
    {
      "mode": "data",
      "type": "terraform_remote_state",
      "name": "subnet_group",
      "provider": "provider.terraform",
      "instances": [
        {
          "schema_version": 0,
          "attributes": {
            "backend": "s3",
            "config": {
              "value": {
                "bucket": "confessions-terraform-state",
                "key": "vpc-us-east-1.tfstate"
              },
              "type": [
                "object",
                {
                  "bucket": "string",
                  "key": "string"
                }
              ]
            },
            "defaults": null,
            "outputs": {
              "value": {
                "private_subnet_us_east_1a": "subnet-055104aa264a7681b",
                "private_subnet_us_east_1b": "subnet-03d9b625e5f229381",
                "private_subnet_us_east_1c": "subnet-059ef0e734bea031b",
                "vpc_id": "vpc-0b64a7e8a020aac4f"
              },
              "type": [
                "object",
                {
                  "private_subnet_us_east_1a": "string",
                  "private_subnet_us_east_1b": "string",
                  "private_subnet_us_east_1c": "string",
                  "vpc_id": "string"
                }
              ]
            },
            "workspace": "default"
          }
        }
      ]
    },
    {
      "mode": "managed",
      "type": "aws_db_instance",
      "name": "db_instance",
      "provider": "provider.aws",
      "instances": [
        {
          "schema_version": 1,
          "attributes": {
            "address": "confession-db.ciqyqj5inlqh.us-east-1.rds.amazonaws.com",
            "allocated_storage": 20,
            "allow_major_version_upgrade": null,
            "apply_immediately": null,
            "arn": "arn:aws:rds:us-east-1:569741890825:db:confession-db",
            "auto_minor_version_upgrade": true,
            "availability_zone": "us-east-1b",
            "backup_retention_period": 7,
            "backup_window": "09:28-09:58",
            "ca_cert_identifier": "rds-ca-2019",
            "character_set_name": null,
            "copy_tags_to_snapshot": false,
            "db_subnet_group_name": "db-subnet-group",
            "delete_automated_backups": true,
            "deletion_protection": false,
            "domain": "",
            "domain_iam_role_name": "",
            "enabled_cloudwatch_logs_exports": null,
            "endpoint": "confession-db.ciqyqj5inlqh.us-east-1.rds.amazonaws.com:5432",
            "engine": "postgres",
            "engine_version": "11.7",
            "final_snapshot_identifier": null,
            "hosted_zone_id": "Z2R2ITUGPM61AM",
            "iam_database_authentication_enabled": false,
            "id": "confession-db",
            "identifier": "confession-db",
            "identifier_prefix": null,
            "instance_class": "db.t3.micro",
            "iops": 0,
            "kms_key_id": "",
            "license_model": "postgresql-license",
            "maintenance_window": "thu:04:38-thu:05:08",
            "max_allocated_storage": 0,
            "monitoring_interval": 0,
            "monitoring_role_arn": "",
            "multi_az": false,
            "name": "confessions",
            "option_group_name": "default:postgres-11",
            "parameter_group_name": "default.postgres11",
            "password": "Password123!",
            "performance_insights_enabled": false,
            "performance_insights_kms_key_id": "",
            "performance_insights_retention_period": 0,
            "port": 5432,
            "publicly_accessible": false,
            "replicas": [],
            "replicate_source_db": "",
            "resource_id": "db-PIEKDCAGXDH5SIZ44GZBF2LA7M",
            "s3_import": [],
            "security_group_names": null,
            "skip_final_snapshot": false,
            "snapshot_identifier": null,
            "status": "available",
            "storage_encrypted": false,
            "storage_type": "gp2",
            "tags": null,
            "timeouts": null,
            "timezone": "",
            "username": "master",
            "vpc_security_group_ids": [
              "sg-076978e475f18a6f6"
            ]
          },
          "private": "eyJlMmJmYjczMC1lY2FhLTExZTYtOGY4OC0zNDM2M2JjN2M0YzAiOnsiY3JlYXRlIjoyNDAwMDAwMDAwMDAwLCJkZWxldGUiOjI0MDAwMDAwMDAwMDAsInVwZGF0ZSI6NDgwMDAwMDAwMDAwMH0sInNjaGVtYV92ZXJzaW9uIjoiMSJ9",
          "dependencies": [
            "aws_db_subnet_group.db_subnet_group"
          ]
        }
      ]
    },
    {
      "mode": "managed",
      "type": "aws_db_subnet_group",
      "name": "db_subnet_group",
      "provider": "provider.aws",
      "instances": [
        {
          "schema_version": 0,
          "attributes": {
            "arn": "arn:aws:rds:us-east-1:569741890825:subgrp:db-subnet-group",
            "description": "Managed by Terraform",
            "id": "db-subnet-group",
            "name": "db-subnet-group",
            "name_prefix": null,
            "subnet_ids": [
              "subnet-03d9b625e5f229381",
              "subnet-055104aa264a7681b",
              "subnet-059ef0e734bea031b"
            ],
            "tags": {
              "Name": "DB subnet group"
            }
          },
          "private": "bnVsbA=="
        }
      ]
    }
  ]
}
