{
  "version": 4,
  "terraform_version": "0.12.26",
  "serial": 8,
  "lineage": "a2369611-c266-7b33-cad7-d51a9d3bab7f",
  "outputs": {},
  "resources": [
    {
      "mode": "data",
      "type": "terraform_remote_state",
      "name": "security_group",
      "provider": "provider.terraform",
      "instances": [
        {
          "schema_version": 0,
          "attributes": {
            "backend": "s3",
            "config": {
              "value": {
                "bucket": "confessions-terraform-state",
                "key": "security-groups.tfstate"
              },
              "type": [
                "object",
                {
                  "bucket": "string",
                  "key": "string"
                }
              ]
            },
            "defaults": null,
            "outputs": {
              "value": {
                "app_sg_id": "sg-00551160d1c5dd56b",
                "db_sg_id": "sg-076978e475f18a6f6",
                "lb_sg_id": "sg-038d32602115d6d50"
              },
              "type": [
                "object",
                {
                  "app_sg_id": "string",
                  "db_sg_id": "string",
                  "lb_sg_id": "string"
                }
              ]
            },
            "workspace": "default"
          }
        }
      ]
    },
    {
      "mode": "data",
      "type": "terraform_remote_state",
      "name": "subnet_group",
      "provider": "provider.terraform",
      "instances": [
        {
          "schema_version": 0,
          "attributes": {
            "backend": "s3",
            "config": {
              "value": {
                "bucket": "confessions-terraform-state",
                "key": "vpc-us-east-1.tfstate"
              },
              "type": [
                "object",
                {
                  "bucket": "string",
                  "key": "string"
                }
              ]
            },
            "defaults": null,
            "outputs": {
              "value": {
                "private_subnet_us_east_1a": "subnet-055104aa264a7681b",
                "private_subnet_us_east_1b": "subnet-03d9b625e5f229381",
                "private_subnet_us_east_1c": "subnet-059ef0e734bea031b",
                "vpc_id": "vpc-0b64a7e8a020aac4f"
              },
              "type": [
                "object",
                {
                  "private_subnet_us_east_1a": "string",
                  "private_subnet_us_east_1b": "string",
                  "private_subnet_us_east_1c": "string",
                  "vpc_id": "string"
                }
              ]
            },
            "workspace": "default"
          }
        }
      ]
    },
    {
      "mode": "managed",
      "type": "aws_db_subnet_group",
      "name": "db_subnet_group",
      "provider": "provider.aws",
      "instances": [
        {
          "schema_version": 0,
          "attributes": {
            "arn": "arn:aws:rds:us-east-1:569741890825:subgrp:db-subnet-group",
            "description": "Managed by Terraform",
            "id": "db-subnet-group",
            "name": "db-subnet-group",
            "name_prefix": null,
            "subnet_ids": [
              "subnet-03d9b625e5f229381",
              "subnet-055104aa264a7681b",
              "subnet-059ef0e734bea031b"
            ],
            "tags": {
              "Name": "DB subnet group"
            }
          },
          "private": "bnVsbA=="
        }
      ]
    }
  ]
}
